
Microsoft Visual Studio Solution File, Format Version 12.00
# Visual Studio Version 17
VisualStudioVersion = 17.3.32922.545
MinimumVisualStudioVersion = 10.0.40219.1
Project("{9A19103F-16F7-4668-BE54-9A1E7A4F7556}") = "KanyeVsRon", "KanyeVsRon.csproj", "{EA3F27A9-F1B8-45B5-A882-D3F6084E5647}"
EndProject
Global
	GlobalSection(SolutionConfigurationPlatforms) = preSolution
		Debug|Any CPU = Debug|Any CPU
		Release|Any CPU = Release|Any CPU
	EndGlobalSection
	GlobalSection(ProjectConfigurationPlatforms) = postSolution
		{EA3F27A9-F1B8-45B5-A882-D3F6084E5647}.Debug|Any CPU.ActiveCfg = Debug|Any CPU
		{EA3F27A9-F1B8-45B5-A882-D3F6084E5647}.Debug|Any CPU.Build.0 = Debug|Any CPU
		{EA3F27A9-F1B8-45B5-A882-D3F6084E5647}.Release|Any CPU.ActiveCfg = Release|Any CPU
		{EA3F27A9-F1B8-45B5-A882-D3F6084E5647}.Release|Any CPU.Build.0 = Release|Any CPU
	EndGlobalSection
	GlobalSection(SolutionProperties) = preSolution
		HideSolutionNode = FALSE
	EndGlobalSection
	GlobalSection(ExtensibilityGlobals) = postSolution
		SolutionGuid = {DE6B4901-4157-420E-BED6-2DF893B6150D}
	EndGlobalSection
EndGlobal
